
Microsoft Visual Studio Solution File, Format Version 12.00
# Visual Studio Version 16
VisualStudioVersion = 16.0.32106.194
MinimumVisualStudioVersion = 10.0.40219.1
Project("{888888A0-9F3D-457C-B088-3A5042F75D52}") = "Primes Program", "Primes Program\Primes Program.pyproj", "{5A0276F0-52A3-406F-9F66-E6B28671C6CA}"
EndProject
Global
	GlobalSection(SolutionConfigurationPlatforms) = preSolution
		Debug|Any CPU = Debug|Any CPU
		Release|Any CPU = Release|Any CPU
	EndGlobalSection
	GlobalSection(ProjectConfigurationPlatforms) = postSolution
		{5A0276F0-52A3-406F-9F66-E6B28671C6CA}.Debug|Any CPU.ActiveCfg = Debug|Any CPU
		{5A0276F0-52A3-406F-9F66-E6B28671C6CA}.Release|Any CPU.ActiveCfg = Release|Any CPU
	EndGlobalSection
	GlobalSection(SolutionProperties) = preSolution
		HideSolutionNode = FALSE
	EndGlobalSection
	GlobalSection(ExtensibilityGlobals) = postSolution
		SolutionGuid = {59EA1375-9159-4D52-AAA3-DBAFD94FD830}
	EndGlobalSection
EndGlobal
